{
  "requires": true,
  "lockfileVersion": 1,
  "dependencies": {
    "@types/node": {
      "version": "13.1.7",
      "resolved": "https://registry.npmjs.org/@types/node/-/node-13.1.7.tgz",
      "integrity": "sha512-HU0q9GXazqiKwviVxg9SI/+t/nAsGkvLDkIdxz+ObejG2nX6Si00TeLqHMoS+a/1tjH7a8YpKVQwtgHuMQsldg=="
    },
    "n": {
      "version": "6.1.3",
      "resolved": "https://registry.npmjs.org/n/-/n-6.1.3.tgz",
      "integrity": "sha512-BqK4qIpBlJ9tRqFmGkAnNzGVqkQFsXKXff5NERIn61PNmX1VZ0i+yIK3lsP/ZUqIZYGYKLO6dXOWaBxC1zYvCw=="
    }
  }
}
